
Microsoft Visual Studio Solution File, Format Version 12.00
# Visual Studio Version 17
VisualStudioVersion = 17.8.34004.107
MinimumVisualStudioVersion = 10.0.40219.1
Project("{FAE04EC0-301F-11D3-BF4B-00C04F79EFBC}") = "BulkyWeb", "BulkyWeb\BulkyWeb.csproj", "{2778A51C-FDDE-4F75-8004-75A4D1F25CDF}"
EndProject
Global
	GlobalSection(SolutionConfigurationPlatforms) = preSolution
		Debug|Any CPU = Debug|Any CPU
		Release|Any CPU = Release|Any CPU
	EndGlobalSection
	GlobalSection(ProjectConfigurationPlatforms) = postSolution
		{2778A51C-FDDE-4F75-8004-75A4D1F25CDF}.Debug|Any CPU.ActiveCfg = Debug|Any CPU
		{2778A51C-FDDE-4F75-8004-75A4D1F25CDF}.Debug|Any CPU.Build.0 = Debug|Any CPU
		{2778A51C-FDDE-4F75-8004-75A4D1F25CDF}.Release|Any CPU.ActiveCfg = Release|Any CPU
		{2778A51C-FDDE-4F75-8004-75A4D1F25CDF}.Release|Any CPU.Build.0 = Release|Any CPU
	EndGlobalSection
	GlobalSection(SolutionProperties) = preSolution
		HideSolutionNode = FALSE
	EndGlobalSection
	GlobalSection(ExtensibilityGlobals) = postSolution
		SolutionGuid = {E12686E4-AD6E-4A2D-89D7-BEA4B480449C}
	EndGlobalSection
EndGlobal
